
Microsoft Visual Studio Solution File, Format Version 12.00
# Visual Studio 15
VisualStudioVersion = 15.0.28010.2016
MinimumVisualStudioVersion = 10.0.40219.1
Project("{FAE04EC0-301F-11D3-BF4B-00C04F79EFBC}") = "BLIO", "BLIO\BLIO.csproj", "{32A70105-2A7E-40C8-9152-46018692DCF9}"
EndProject
Global
	GlobalSection(SolutionConfigurationPlatforms) = preSolution
		Debug|Any CPU = Debug|Any CPU
		Release|Any CPU = Release|Any CPU
	EndGlobalSection
	GlobalSection(ProjectConfigurationPlatforms) = postSolution
		{32A70105-2A7E-40C8-9152-46018692DCF9}.Debug|Any CPU.ActiveCfg = Debug|Any CPU
		{32A70105-2A7E-40C8-9152-46018692DCF9}.Debug|Any CPU.Build.0 = Debug|Any CPU
		{32A70105-2A7E-40C8-9152-46018692DCF9}.Release|Any CPU.ActiveCfg = Release|Any CPU
		{32A70105-2A7E-40C8-9152-46018692DCF9}.Release|Any CPU.Build.0 = Release|Any CPU
	EndGlobalSection
	GlobalSection(SolutionProperties) = preSolution
		HideSolutionNode = FALSE
	EndGlobalSection
	GlobalSection(ExtensibilityGlobals) = postSolution
		SolutionGuid = {FFBAD8A8-4596-44F1-B238-1808AE9AD163}
	EndGlobalSection
EndGlobal
